
Microsoft Visual Studio Solution File, Format Version 12.00
# Visual Studio Version 16
VisualStudioVersion = 16.0.30406.217
MinimumVisualStudioVersion = 10.0.40219.1
Project("{FAE04EC0-301F-11D3-BF4B-00C04F79EFBC}") = "VegaN_Capstone", "VegaN_Capstone.csproj", "{207BB9FC-B499-4660-B11E-02022436198D}"
EndProject
Global
	GlobalSection(SolutionConfigurationPlatforms) = preSolution
		Debug|Any CPU = Debug|Any CPU
		Release|Any CPU = Release|Any CPU
	EndGlobalSection
	GlobalSection(ProjectConfigurationPlatforms) = postSolution
		{207BB9FC-B499-4660-B11E-02022436198D}.Debug|Any CPU.ActiveCfg = Debug|Any CPU
		{207BB9FC-B499-4660-B11E-02022436198D}.Debug|Any CPU.Build.0 = Debug|Any CPU
		{207BB9FC-B499-4660-B11E-02022436198D}.Release|Any CPU.ActiveCfg = Release|Any CPU
		{207BB9FC-B499-4660-B11E-02022436198D}.Release|Any CPU.Build.0 = Release|Any CPU
	EndGlobalSection
	GlobalSection(SolutionProperties) = preSolution
		HideSolutionNode = FALSE
	EndGlobalSection
	GlobalSection(ExtensibilityGlobals) = postSolution
		SolutionGuid = {17A6B1A0-0EBF-4541-B076-084E80929E56}
	EndGlobalSection
EndGlobal
